
Microsoft Visual Studio Solution File, Format Version 12.00
# Visual Studio Version 16
VisualStudioVersion = 16.0.30406.217
MinimumVisualStudioVersion = 10.0.40219.1
Project("{8BC9CEB8-8B4A-11D0-8D11-00A0C91BC942}") = "PE Loader", "PE Loader\PE Loader.vcxproj", "{CDC0580D-52A2-40CF-8ED9-E0B713EB7FA1}"
EndProject
Global
	GlobalSection(SolutionConfigurationPlatforms) = preSolution
		Debug|x64 = Debug|x64
		Debug|x86 = Debug|x86
		Release|x64 = Release|x64
		Release|x86 = Release|x86
	EndGlobalSection
	GlobalSection(ProjectConfigurationPlatforms) = postSolution
		{CDC0580D-52A2-40CF-8ED9-E0B713EB7FA1}.Debug|x64.ActiveCfg = Debug|x64
		{CDC0580D-52A2-40CF-8ED9-E0B713EB7FA1}.Debug|x64.Build.0 = Debug|x64
		{CDC0580D-52A2-40CF-8ED9-E0B713EB7FA1}.Debug|x86.ActiveCfg = Debug|Win32
		{CDC0580D-52A2-40CF-8ED9-E0B713EB7FA1}.Debug|x86.Build.0 = Debug|Win32
		{CDC0580D-52A2-40CF-8ED9-E0B713EB7FA1}.Release|x64.ActiveCfg = Release|x64
		{CDC0580D-52A2-40CF-8ED9-E0B713EB7FA1}.Release|x64.Build.0 = Release|x64
		{CDC0580D-52A2-40CF-8ED9-E0B713EB7FA1}.Release|x86.ActiveCfg = Release|Win32
		{CDC0580D-52A2-40CF-8ED9-E0B713EB7FA1}.Release|x86.Build.0 = Release|Win32
	EndGlobalSection
	GlobalSection(SolutionProperties) = preSolution
		HideSolutionNode = FALSE
	EndGlobalSection
	GlobalSection(ExtensibilityGlobals) = postSolution
		SolutionGuid = {54631CE4-0C3F-401D-A1BF-0905EFE87FA5}
	EndGlobalSection
EndGlobal
